
Microsoft Visual Studio Solution File, Format Version 12.00
# Visual Studio Version 16
VisualStudioVersion = 16.0.29709.97
MinimumVisualStudioVersion = 10.0.40219.1
Project("{8BC9CEB8-8B4A-11D0-8D11-00A0C91BC942}") = "UE4 SwiffKnife", "UE4 Explorer.vcxproj", "{AB7D0670-64E8-46B8-AF1B-913F4D417249}"
	ProjectSection(ProjectDependencies) = postProject
		{1C08C7BB-07A9-4D21-900D-B0828B153F0A} = {1C08C7BB-07A9-4D21-900D-B0828B153F0A}
	EndProjectSection
EndProject
Project("{8BC9CEB8-8B4A-11D0-8D11-00A0C91BC942}") = "LuaJIT", "LuaJIT\LuaJIT.vcxproj", "{1C08C7BB-07A9-4D21-900D-B0828B153F0A}"
EndProject
Global
	GlobalSection(SolutionConfigurationPlatforms) = preSolution
		Debug|x64 = Debug|x64
		Debug|x86 = Debug|x86
		Release|x64 = Release|x64
		Release|x86 = Release|x86
	EndGlobalSection
	GlobalSection(ProjectConfigurationPlatforms) = postSolution
		{AB7D0670-64E8-46B8-AF1B-913F4D417249}.Debug|x64.ActiveCfg = Debug|x64
		{AB7D0670-64E8-46B8-AF1B-913F4D417249}.Debug|x64.Build.0 = Debug|x64
		{AB7D0670-64E8-46B8-AF1B-913F4D417249}.Debug|x86.ActiveCfg = Debug|Win32
		{AB7D0670-64E8-46B8-AF1B-913F4D417249}.Debug|x86.Build.0 = Debug|Win32
		{AB7D0670-64E8-46B8-AF1B-913F4D417249}.Release|x64.ActiveCfg = Release|x64
		{AB7D0670-64E8-46B8-AF1B-913F4D417249}.Release|x64.Build.0 = Release|x64
		{AB7D0670-64E8-46B8-AF1B-913F4D417249}.Release|x86.ActiveCfg = Release|Win32
		{AB7D0670-64E8-46B8-AF1B-913F4D417249}.Release|x86.Build.0 = Release|Win32
		{1C08C7BB-07A9-4D21-900D-B0828B153F0A}.Debug|x64.ActiveCfg = Debug|x64
		{1C08C7BB-07A9-4D21-900D-B0828B153F0A}.Debug|x64.Build.0 = Debug|x64
		{1C08C7BB-07A9-4D21-900D-B0828B153F0A}.Debug|x86.ActiveCfg = Debug|Win32
		{1C08C7BB-07A9-4D21-900D-B0828B153F0A}.Debug|x86.Build.0 = Debug|Win32
		{1C08C7BB-07A9-4D21-900D-B0828B153F0A}.Release|x64.ActiveCfg = Release|x64
		{1C08C7BB-07A9-4D21-900D-B0828B153F0A}.Release|x64.Build.0 = Release|x64
		{1C08C7BB-07A9-4D21-900D-B0828B153F0A}.Release|x86.ActiveCfg = Release|Win32
		{1C08C7BB-07A9-4D21-900D-B0828B153F0A}.Release|x86.Build.0 = Release|Win32
	EndGlobalSection
	GlobalSection(SolutionProperties) = preSolution
		HideSolutionNode = FALSE
	EndGlobalSection
	GlobalSection(ExtensibilityGlobals) = postSolution
		SolutionGuid = {3A4DF73B-33D0-47DD-870C-950AFFB387CF}
	EndGlobalSection
EndGlobal
